<?xml version="1.0" encoding="UTF-8" standalone="yes" ?>
<CodeBlocks_project_file>
	<FileVersion major="1" minor="6" />
	<Project>
		<Option title="iCal" />
		<Option pch_mode="2" />
		<Option compiler="gcc" />
		<Build>
			<Target title="Debug">
				<Option output="bin/Debug/iCal" prefix_auto="1" extension_auto="1" />
				<Option object_output="obj/Debug/" />
				<Option type="0" />
				<Option compiler="gcc" />
				<Option projectLinkerOptionsRelation="2" />
				<Compiler>
					<Add option="-g" />
					<Add directory="include" />
				</Compiler>
			</Target>
			<Target title="Release">
				<Option output="bin/Release/iCal" prefix_auto="1" extension_auto="1" />
				<Option object_output="obj/Release/" />
				<Option type="0" />
				<Option compiler="gcc" />
				<Option projectLinkerOptionsRelation="2" />
				<Compiler>
					<Add option="-O2" />
					<Add directory="include" />
				</Compiler>
				<Linker>
					<Add option="-s" />
				</Linker>
			</Target>
		</Build>
		<Compiler>
			<Add option="`wx-config --cflags`" />
			<Add option="-Wall" />
		</Compiler>
		<Linker>
			<Add option="`wx-config --libs`" />
		</Linker>
		<Unit filename="include/iCalApp.h" />
		<Unit filename="include/iCalMain.h" />
		<Unit filename="include/recurrule.h" />
		<Unit filename="src/iCalApp.cpp" />
		<Unit filename="src/iCalMain.cpp" />
		<Unit filename="src/recurrule.cpp" />
		<Unit filename="wxsmith/iCalframe.wxs" />
		<Extensions>
			<envvars />
			<code_completion />
			<lib_finder disable_auto="1" />
			<debugger />
			<wxsmith version="1">
				<gui name="wxWidgets" src="iCalApp.cpp" main="iCalFrame" init_handlers="necessary" language="CPP" />
				<resources>
					<wxFrame wxs="wxsmith/iCalframe.wxs" src="iCalMain.cpp" hdr="iCalMain.h" fwddecl="0" i18n="1" name="iCalFrame" language="CPP" />
				</resources>
			</wxsmith>
		</Extensions>
	</Project>
</CodeBlocks_project_file>
